
Microsoft Visual Studio Solution File, Format Version 12.00
# Visual Studio Version 17
VisualStudioVersion = 17.6.33829.357
MinimumVisualStudioVersion = 10.0.40219.1
Project("{FAE04EC0-301F-11D3-BF4B-00C04F79EFBC}") = "DLMSExtended", "DLMSExtended\DLMSExtended.csproj", "{252E4E0E-51FB-46A2-8E23-47D486862732}"
EndProject
Global
	GlobalSection(SolutionConfigurationPlatforms) = preSolution
		Debug|Any CPU = Debug|Any CPU
		Release|Any CPU = Release|Any CPU
	EndGlobalSection
	GlobalSection(ProjectConfigurationPlatforms) = postSolution
		{252E4E0E-51FB-46A2-8E23-47D486862732}.Debug|Any CPU.ActiveCfg = Debug|Any CPU
		{252E4E0E-51FB-46A2-8E23-47D486862732}.Debug|Any CPU.Build.0 = Debug|Any CPU
		{252E4E0E-51FB-46A2-8E23-47D486862732}.Release|Any CPU.ActiveCfg = Release|Any CPU
		{252E4E0E-51FB-46A2-8E23-47D486862732}.Release|Any CPU.Build.0 = Release|Any CPU
	EndGlobalSection
	GlobalSection(SolutionProperties) = preSolution
		HideSolutionNode = FALSE
	EndGlobalSection
	GlobalSection(ExtensibilityGlobals) = postSolution
		SolutionGuid = {C6744A89-6F72-4F56-9C56-8B095E362899}
	EndGlobalSection
EndGlobal
